Microsoft Visual Studio Solution File, Format Version 12.00
# Visual Studio Version 17
VisualStudioVersion = 17.13.35806.99
MinimumVisualStudioVersion = 10.0.40219.1
Project("{FAE04EC0-301F-11D3-BF4B-00C04F79EFBC}") = "CallManager.Api", "src\CallManager.Api\CallManager.Api.csproj", "{A2DAD68C-B8DB-9303-9EE6-767333E94904}"
EndProject
Project("{FAE04EC0-301F-11D3-BF4B-00C04F79EFBC}") = "CallManager.Application", "src\CallManager.Application\CallManager.Application.csproj", "{D6740969-E39A-D472-B15C-B20BEF48D9F0}"
EndProject
Project("{FAE04EC0-301F-11D3-BF4B-00C04F79EFBC}") = "CallManager.Infrastructure", "src\CallManager.Infrastructure\CallManager.Infrastructure.csproj", "{767F99F3-AF23-3B42-9B43-3AE4B40A3D7A}"
EndProject
Global
	GlobalSection(SolutionConfigurationPlatforms) = preSolution
		Debug|Any CPU = Debug|Any CPU
		Release|Any CPU = Release|Any CPU
	EndGlobalSection
	GlobalSection(ProjectConfigurationPlatforms) = postSolution
		{A2DAD68C-B8DB-9303-9EE6-767333E94904}.Debug|Any CPU.ActiveCfg = Debug|Any CPU
		{A2DAD68C-B8DB-9303-9EE6-767333E94904}.Debug|Any CPU.Build.0 = Debug|Any CPU
		{A2DAD68C-B8DB-9303-9EE6-767333E94904}.Release|Any CPU.ActiveCfg = Release|Any CPU
		{A2DAD68C-B8DB-9303-9EE6-767333E94904}.Release|Any CPU.Build.0 = Release|Any CPU
		{D6740969-E39A-D472-B15C-B20BEF48D9F0}.Debug|Any CPU.ActiveCfg = Debug|Any CPU
		{D6740969-E39A-D472-B15C-B20BEF48D9F0}.Debug|Any CPU.Build.0 = Debug|Any CPU
		{D6740969-E39A-D472-B15C-B20BEF48D9F0}.Release|Any CPU.ActiveCfg = Release|Any CPU
		{D6740969-E39A-D472-B15C-B20BEF48D9F0}.Release|Any CPU.Build.0 = Release|Any CPU
		{767F99F3-AF23-3B42-9B43-3AE4B40A3D7A}.Debug|Any CPU.ActiveCfg = Debug|Any CPU
		{767F99F3-AF23-3B42-9B43-3AE4B40A3D7A}.Debug|Any CPU.Build.0 = Debug|Any CPU
		{767F99F3-AF23-3B42-9B43-3AE4B40A3D7A}.Release|Any CPU.ActiveCfg = Release|Any CPU
		{767F99F3-AF23-3B42-9B43-3AE4B40A3D7A}.Release|Any CPU.Build.0 = Release|Any CPU
	EndGlobalSection
	GlobalSection(SolutionProperties) = preSolution
		HideSolutionNode = FALSE
	EndGlobalSection
	GlobalSection(ExtensibilityGlobals) = postSolution
		SolutionGuid = {9E150D89-5119-4760-A1FB-A59803A1F06B}
	EndGlobalSection
EndGlobal
